
Microsoft Visual Studio Solution File, Format Version 12.00
# Visual Studio Version 16
VisualStudioVersion = 16.0.29728.190
MinimumVisualStudioVersion = 10.0.40219.1
Project("{2150E333-8FDC-42A3-9474-1A3956D46DE8}") = "src", "src", "{15E44388-1D8C-422B-BC02-1D214300E6ED}"
EndProject
Project("{9A19103F-16F7-4668-BE54-9A1E7A4F7556}") = "SuperMarket.Entites", "..\SuperMarket.Entites\SuperMarket.Entites.csproj", "{9DA438AF-A2A0-4933-B17E-5A2147EBE179}"
EndProject
Project("{FAE04EC0-301F-11D3-BF4B-00C04F79EFBC}") = "SuperMarket.Infrastructure", "SuperMarket.Infrastructure\SuperMarket.Infrastructure.csproj", "{5225E52A-813B-4D0D-8C0A-9AB70742BECC}"
EndProject
Project("{FAE04EC0-301F-11D3-BF4B-00C04F79EFBC}") = "SuperMarket.Persistence.EF", "SuperMarket.Persistence.EF\SuperMarket.Persistence.EF.csproj", "{EDE2DCCE-8298-44ED-B993-084961883860}"
EndProject
Project("{FAE04EC0-301F-11D3-BF4B-00C04F79EFBC}") = "SuperMarket.Migrations", "SuperMarket.Migrations\SuperMarket.Migrations.csproj", "{39FB57C9-F617-4218-A159-A70126140569}"
EndProject
Global
	GlobalSection(SolutionConfigurationPlatforms) = preSolution
		Debug|Any CPU = Debug|Any CPU
		Release|Any CPU = Release|Any CPU
	EndGlobalSection
	GlobalSection(ProjectConfigurationPlatforms) = postSolution
		{9DA438AF-A2A0-4933-B17E-5A2147EBE179}.Debug|Any CPU.ActiveCfg = Debug|Any CPU
		{9DA438AF-A2A0-4933-B17E-5A2147EBE179}.Debug|Any CPU.Build.0 = Debug|Any CPU
		{9DA438AF-A2A0-4933-B17E-5A2147EBE179}.Release|Any CPU.ActiveCfg = Release|Any CPU
		{9DA438AF-A2A0-4933-B17E-5A2147EBE179}.Release|Any CPU.Build.0 = Release|Any CPU
		{5225E52A-813B-4D0D-8C0A-9AB70742BECC}.Debug|Any CPU.ActiveCfg = Debug|Any CPU
		{5225E52A-813B-4D0D-8C0A-9AB70742BECC}.Debug|Any CPU.Build.0 = Debug|Any CPU
		{5225E52A-813B-4D0D-8C0A-9AB70742BECC}.Release|Any CPU.ActiveCfg = Release|Any CPU
		{5225E52A-813B-4D0D-8C0A-9AB70742BECC}.Release|Any CPU.Build.0 = Release|Any CPU
		{EDE2DCCE-8298-44ED-B993-084961883860}.Debug|Any CPU.ActiveCfg = Debug|Any CPU
		{EDE2DCCE-8298-44ED-B993-084961883860}.Debug|Any CPU.Build.0 = Debug|Any CPU
		{EDE2DCCE-8298-44ED-B993-084961883860}.Release|Any CPU.ActiveCfg = Release|Any CPU
		{EDE2DCCE-8298-44ED-B993-084961883860}.Release|Any CPU.Build.0 = Release|Any CPU
		{39FB57C9-F617-4218-A159-A70126140569}.Debug|Any CPU.ActiveCfg = Debug|Any CPU
		{39FB57C9-F617-4218-A159-A70126140569}.Debug|Any CPU.Build.0 = Debug|Any CPU
		{39FB57C9-F617-4218-A159-A70126140569}.Release|Any CPU.ActiveCfg = Release|Any CPU
		{39FB57C9-F617-4218-A159-A70126140569}.Release|Any CPU.Build.0 = Release|Any CPU
	EndGlobalSection
	GlobalSection(SolutionProperties) = preSolution
		HideSolutionNode = FALSE
	EndGlobalSection
	GlobalSection(NestedProjects) = preSolution
		{9DA438AF-A2A0-4933-B17E-5A2147EBE179} = {15E44388-1D8C-422B-BC02-1D214300E6ED}
		{5225E52A-813B-4D0D-8C0A-9AB70742BECC} = {15E44388-1D8C-422B-BC02-1D214300E6ED}
		{EDE2DCCE-8298-44ED-B993-084961883860} = {15E44388-1D8C-422B-BC02-1D214300E6ED}
		{39FB57C9-F617-4218-A159-A70126140569} = {15E44388-1D8C-422B-BC02-1D214300E6ED}
	EndGlobalSection
	GlobalSection(ExtensibilityGlobals) = postSolution
		SolutionGuid = {92AAF4F7-F843-48CD-8073-D789CB3981E3}
	EndGlobalSection
EndGlobal
